
Microsoft Visual Studio Solution File, Format Version 12.00
# Visual Studio Version 17
VisualStudioVersion = 17.9.34723.18
MinimumVisualStudioVersion = 10.0.40219.1
Project("{FAE04EC0-301F-11D3-BF4B-00C04F79EFBC}") = "Project1_WindowsService", "Project1_WindowsService.csproj", "{872C297E-11D2-4E05-9015-EDA1930609FF}"
EndProject
Global
	GlobalSection(SolutionConfigurationPlatforms) = preSolution
		Debug|Any CPU = Debug|Any CPU
		Release|Any CPU = Release|Any CPU
	EndGlobalSection
	GlobalSection(ProjectConfigurationPlatforms) = postSolution
		{872C297E-11D2-4E05-9015-EDA1930609FF}.Debug|Any CPU.ActiveCfg = Debug|Any CPU
		{872C297E-11D2-4E05-9015-EDA1930609FF}.Debug|Any CPU.Build.0 = Debug|Any CPU
		{872C297E-11D2-4E05-9015-EDA1930609FF}.Release|Any CPU.ActiveCfg = Release|Any CPU
		{872C297E-11D2-4E05-9015-EDA1930609FF}.Release|Any CPU.Build.0 = Release|Any CPU
	EndGlobalSection
	GlobalSection(SolutionProperties) = preSolution
		HideSolutionNode = FALSE
	EndGlobalSection
	GlobalSection(ExtensibilityGlobals) = postSolution
		SolutionGuid = {7ACCDAED-AD49-44A7-81A5-036473C0B4BB}
	EndGlobalSection
EndGlobal
